
Microsoft Visual Studio Solution File, Format Version 12.00
# Visual Studio Version 16
VisualStudioVersion = 16.0.31025.194
MinimumVisualStudioVersion = 10.0.40219.1
Project("{FAE04EC0-301F-11D3-BF4B-00C04F79EFBC}") = "Mvc5_Online_Ticari_Otomasyon_Projesi", "Mvc5_Online_Ticari_Otomasyon_Projesi\Mvc5_Online_Ticari_Otomasyon_Projesi.csproj", "{B9D29B1B-3389-4481-984B-1E91487C88EA}"
EndProject
Global
	GlobalSection(SolutionConfigurationPlatforms) = preSolution
		Debug|Any CPU = Debug|Any CPU
		Release|Any CPU = Release|Any CPU
	EndGlobalSection
	GlobalSection(ProjectConfigurationPlatforms) = postSolution
		{B9D29B1B-3389-4481-984B-1E91487C88EA}.Debug|Any CPU.ActiveCfg = Debug|Any CPU
		{B9D29B1B-3389-4481-984B-1E91487C88EA}.Debug|Any CPU.Build.0 = Debug|Any CPU
		{B9D29B1B-3389-4481-984B-1E91487C88EA}.Release|Any CPU.ActiveCfg = Release|Any CPU
		{B9D29B1B-3389-4481-984B-1E91487C88EA}.Release|Any CPU.Build.0 = Release|Any CPU
	EndGlobalSection
	GlobalSection(SolutionProperties) = preSolution
		HideSolutionNode = FALSE
	EndGlobalSection
	GlobalSection(ExtensibilityGlobals) = postSolution
		SolutionGuid = {4E409343-D742-4023-B9CE-FFC710B0BBCD}
	EndGlobalSection
EndGlobal
